
Microsoft Visual Studio Solution File, Format Version 12.00
# Visual Studio 15
VisualStudioVersion = 15.0.28307.136
MinimumVisualStudioVersion = 10.0.40219.1
Project("{FAE04EC0-301F-11D3-BF4B-00C04F79EFBC}") = "LhsParser", "LhsParser\LhsParser.csproj", "{44E031A8-04E6-424A-B3AF-A3EFA49EF54D}"
EndProject
Global
	GlobalSection(SolutionConfigurationPlatforms) = preSolution
		Debug|Any CPU = Debug|Any CPU
		Release|Any CPU = Release|Any CPU
	EndGlobalSection
	GlobalSection(ProjectConfigurationPlatforms) = postSolution
		{44E031A8-04E6-424A-B3AF-A3EFA49EF54D}.Debug|Any CPU.ActiveCfg = Debug|Any CPU
		{44E031A8-04E6-424A-B3AF-A3EFA49EF54D}.Debug|Any CPU.Build.0 = Debug|Any CPU
		{44E031A8-04E6-424A-B3AF-A3EFA49EF54D}.Release|Any CPU.ActiveCfg = Release|Any CPU
		{44E031A8-04E6-424A-B3AF-A3EFA49EF54D}.Release|Any CPU.Build.0 = Release|Any CPU
	EndGlobalSection
	GlobalSection(SolutionProperties) = preSolution
		HideSolutionNode = FALSE
	EndGlobalSection
	GlobalSection(ExtensibilityGlobals) = postSolution
		SolutionGuid = {E1FC27D8-A8C2-4BD4-94F4-CF7AC16E21B0}
	EndGlobalSection
EndGlobal
